// !$*UTF8*$!
{
	archiveVersion = 1;
	classes = {
	};
	objectVersion = 46;
	objects = {

/* Begin PBXBuildFile section */
		F815DEBD182F8365006376DA /* TBCircularSlider.m in Sources */ = {isa = PBXBuildFile; fileRef = F815DEBC182F8365006376DA /* TBCircularSlider.m */; };
		F8D0ADAB182F7E7F00EA30C8 /* Foundation.framework in Frameworks */ = {isa = PBXBuildFile; fileRef = F8D0ADAA182F7E7F00EA30C8 /* Foundation.framework */; };
		F8D0ADAD182F7E7F00EA30C8 /* CoreGraphics.framework in Frameworks */ = {isa = PBXBuildFile; fileRef = F8D0ADAC182F7E7F00EA30C8 /* CoreGraphics.framework */; };
		F8D0ADAF182F7E7F00EA30C8 /* UIKit.framework in Frameworks */ = {isa = PBXBuildFile; fileRef = F8D0ADAE182F7E7F00EA30C8 /* UIKit.framework */; };
		F8D0ADB1182F7E7F00EA30C8 /* CoreData.framework in Frameworks */ = {isa = PBXBuildFile; fileRef = F8D0ADB0182F7E7F00EA30C8 /* CoreData.framework */; };
		F8D0ADB7182F7E7F00EA30C8 /* InfoPlist.strings in Resources */ = {isa = PBXBuildFile; fileRef = F8D0ADB5182F7E7F00EA30C8 /* InfoPlist.strings */; };
		F8D0ADB9182F7E7F00EA30C8 /* main.m in Sources */ = {isa = PBXBuildFile; fileRef = F8D0ADB8182F7E7F00EA30C8 /* main.m */; };
		F8D0ADBD182F7E7F00EA30C8 /* AppDelegate.m in Sources */ = {isa = PBXBuildFile; fileRef = F8D0ADBC182F7E7F00EA30C8 /* AppDelegate.m */; };
		F8D0ADC0182F7E7F00EA30C8 /* Main.storyboard in Resources */ = {isa = PBXBuildFile; fileRef = F8D0ADBE182F7E7F00EA30C8 /* Main.storyboard */; };
		F8D0ADC3182F7E7F00EA30C8 /* z.xcdatamodeld in Sources */ = {isa = PBXBuildFile; fileRef = F8D0ADC1182F7E7F00EA30C8 /* z.xcdatamodeld */; };
		F8D0ADC6182F7E7F00EA30C8 /* MainViewController.m in Sources */ = {isa = PBXBuildFile; fileRef = F8D0ADC5182F7E7F00EA30C8 /* MainViewController.m */; };
		F8D0ADC9182F7E7F00EA30C8 /* FlipsideViewController.m in Sources */ = {isa = PBXBuildFile; fileRef = F8D0ADC8182F7E7F00EA30C8 /* FlipsideViewController.m */; };
		F8D0ADCB182F7E7F00EA30C8 /* Images.xcassets in Resources */ = {isa = PBXBuildFile; fileRef = F8D0ADCA182F7E7F00EA30C8 /* Images.xcassets */; };
		F8D0ADD2182F7E7F00EA30C8 /* XCTest.framework in Frameworks */ = {isa = PBXBuildFile; fileRef = F8D0ADD1182F7E7F00EA30C8 /* XCTest.framework */; };
		F8D0ADD3182F7E7F00EA30C8 /* Foundation.framework in Frameworks */ = {isa = PBXBuildFile; fileRef = F8D0ADAA182F7E7F00EA30C8 /* Foundation.framework */; };
		F8D0ADD4182F7E7F00EA30C8 /* UIKit.framework in Frameworks */ = {isa = PBXBuildFile; fileRef = F8D0ADAE182F7E7F00EA30C8 /* UIKit.framework */; };
		F8D0ADD5182F7E7F00EA30C8 /* CoreData.framework in Frameworks */ = {isa = PBXBuildFile; fileRef = F8D0ADB0182F7E7F00EA30C8 /* CoreData.framework */; };
		F8D0ADDD182F7E7F00EA30C8 /* InfoPlist.strings in Resources */ = {isa = PBXBuildFile; fileRef = F8D0ADDB182F7E7F00EA30C8 /* InfoPlist.strings */; };
		F8D0ADDF182F7E7F00EA30C8 /* zTests.m in Sources */ = {isa = PBXBuildFile; fileRef = F8D0ADDE182F7E7F00EA30C8 /* zTests.m */; };
/* End PBXBuildFile section */

/* Begin PBXContainerItemProxy section */
		F8D0ADD6182F7E7F00EA30C8 /* PBXContainerItemProxy */ = {
			isa = PBXContainerItemProxy;
			containerPortal = F8D0AD9F182F7E7F00EA30C8 /* Project object */;
			proxyType = 1;
			remoteGlobalIDString = F8D0ADA6182F7E7F00EA30C8;
			remoteInfo = z;
		};
/* End PBXContainerItemProxy section */

/* Begin PBXFileReference section */
		F815DEBB182F8365006376DA /* TBCircularSlider.h */ = {isa = PBXFileReference; fileEncoding = 4; lastKnownFileType = sourcecode.c.h; path = TBCircularSlider.h; sourceTree = "<group>"; };
		F815DEBC182F8365006376DA /* TBCircularSlider.m */ = {isa = PBXFileReference; fileEncoding = 4; lastKnownFileType = sourcecode.c.objc; path = TBCircularSlider.m; sourceTree = "<group>"; };
		F815DEBE182F8379006376DA /* Commons.h */ = {isa = PBXFileReference; lastKnownFileType = sourcecode.c.h; path = Commons.h; sourceTree = "<group>"; };
		F8D0ADA7182F7E7F00EA30C8 /* z.app */ = {isa = PBXFileReference; explicitFileType = wrapper.application; includeInIndex = 0; path = z.app; sourceTree = BUILT_PRODUCTS_DIR; };
		F8D0ADAA182F7E7F00EA30C8 /* Foundation.framework */ = {isa = PBXFileReference; lastKnownFileType = wrapper.framework; name = Foundation.framework; path = System/Library/Frameworks/Foundation.framework; sourceTree = SDKROOT; };
		F8D0ADAC182F7E7F00EA30C8 /* CoreGraphics.framework */ = {isa = PBXFileReference; lastKnownFileType = wrapper.framework; name = CoreGraphics.framework; path = System/Library/Frameworks/CoreGraphics.framework; sourceTree = SDKROOT; };
		F8D0ADAE182F7E7F00EA30C8 /* UIKit.framework */ = {isa = PBXFileReference; lastKnownFileType = wrapper.framework; name = UIKit.framework; path = System/Library/Frameworks/UIKit.framework; sourceTree = SDKROOT; };
		F8D0ADB0182F7E7F00EA30C8 /* CoreData.framework */ = {isa = PBXFileReference; lastKnownFileType = wrapper.framework; name = CoreData.framework; path = System/Library/Frameworks/CoreData.framework; sourceTree = SDKROOT; };
		F8D0ADB4182F7E7F00EA30C8 /* z-Info.plist */ = {isa = PBXFileReference; lastKnownFileType = text.plist.xml; path = "z-Info.plist"; sourceTree = "<group>"; };
		F8D0ADB6182F7E7F00EA30C8 /* en */ = {isa = PBXFileReference; lastKnownFileType = text.plist.strings; name = en; path = en.lproj/InfoPlist.strings; sourceTree = "<group>"; };
		F8D0ADB8182F7E7F00EA30C8 /* main.m */ = {isa = PBXFileReference; lastKnownFileType = sourcecode.c.objc; path = main.m; sourceTree = "<group>"; };
		F8D0ADBA182F7E7F00EA30C8 /* z-Prefix.pch */ = {isa = PBXFileReference; lastKnownFileType = sourcecode.c.h; path = "z-Prefix.pch"; sourceTree = "<group>"; };
		F8D0ADBB182F7E7F00EA30C8 /* AppDelegate.h */ = {isa = PBXFileReference; lastKnownFileType = sourcecode.c.h; path = AppDelegate.h; sourceTree = "<group>"; };
		F8D0ADBC182F7E7F00EA30C8 /* AppDelegate.m */ = {isa = PBXFileReference; lastKnownFileType = sourcecode.c.objc; path = AppDelegate.m; sourceTree = "<group>"; };
		F8D0ADBF182F7E7F00EA30C8 /* Base */ = {isa = PBXFileReference; lastKnownFileType = file.storyboard; name = Base; path = Base.lproj/Main.storyboard; sourceTree = "<group>"; };
		F8D0ADC2182F7E7F00EA30C8 /* z.xcdatamodel */ = {isa = PBXFileReference; lastKnownFileType = wrapper.xcdatamodel; path = z.xcdatamodel; sourceTree = "<group>"; };
		F8D0ADC4182F7E7F00EA30C8 /* MainViewController.h */ = {isa = PBXFileReference; lastKnownFileType = sourcecode.c.h; path = MainViewController.h; sourceTree = "<group>"; };
		F8D0ADC5182F7E7F00EA30C8 /* MainViewController.m */ = {isa = PBXFileReference; lastKnownFileType = sourcecode.c.objc; path = MainViewController.m; sourceTree = "<group>"; };
		F8D0ADC7182F7E7F00EA30C8 /* FlipsideViewController.h */ = {isa = PBXFileReference; lastKnownFileType = sourcecode.c.h; path = FlipsideViewController.h; sourceTree = "<group>"; };
		F8D0ADC8182F7E7F00EA30C8 /* FlipsideViewController.m */ = {isa = PBXFileReference; lastKnownFileType = sourcecode.c.objc; path = FlipsideViewController.m; sourceTree = "<group>"; };
		F8D0ADCA182F7E7F00EA30C8 /* Images.xcassets */ = {isa = PBXFileReference; lastKnownFileType = folder.assetcatalog; path = Images.xcassets; sourceTree = "<group>"; };
		F8D0ADD0182F7E7F00EA30C8 /* zTests.xctest */ = {isa = PBXFileReference; explicitFileType = wrapper.cfbundle; includeInIndex = 0; path = zTests.xctest; sourceTree = BUILT_PRODUCTS_DIR; };
		F8D0ADD1182F7E7F00EA30C8 /* XCTest.framework */ = {isa = PBXFileReference; lastKnownFileType = wrapper.framework; name = XCTest.framework; path = Library/Frameworks/XCTest.framework; sourceTree = DEVELOPER_DIR; };
		F8D0ADDA182F7E7F00EA30C8 /* zTests-Info.plist */ = {isa = PBXFileReference; lastKnownFileType = text.plist.xml; path = "zTests-Info.plist"; sourceTree = "<group>"; };
		F8D0ADDC182F7E7F00EA30C8 /* en */ = {isa = PBXFileReference; lastKnownFileType = text.plist.strings; name = en; path = en.lproj/InfoPlist.strings; sourceTree = "<group>"; };
		F8D0ADDE182F7E7F00EA30C8 /* zTests.m */ = {isa = PBXFileReference; lastKnownFileType = sourcecode.c.objc; path = zTests.m; sourceTree = "<group>"; };
/* End PBXFileReference section */

/* Begin PBXFrameworksBuildPhase section */
		F8D0ADA4182F7E7F00EA30C8 /* Frameworks */ = {
			isa = PBXFrameworksBuildPhase;
			buildActionMask = 2147483647;
			files = (
				F8D0ADAD182F7E7F00EA30C8 /* CoreGraphics.framework in Frameworks */,
				F8D0ADB1182F7E7F00EA30C8 /* CoreData.framework in Frameworks */,
				F8D0ADAF182F7E7F00EA30C8 /* UIKit.framework in Frameworks */,
				F8D0ADAB182F7E7F00EA30C8 /* Foundation.framework in Frameworks */,
			);
			runOnlyForDeploymentPostprocessing = 0;
		};
		F8D0ADCD182F7E7F00EA30C8 /* Frameworks */ = {
			isa = PBXFrameworksBuildPhase;
			buildActionMask = 2147483647;
			files = (
				F8D0ADD2182F7E7F00EA30C8 /* XCTest.framework in Frameworks */,
				F8D0ADD5182F7E7F00EA30C8 /* CoreData.framework in Frameworks */,
				F8D0ADD4182F7E7F00EA30C8 /* UIKit.framework in Frameworks */,
				F8D0ADD3182F7E7F00EA30C8 /* Foundation.framework in Frameworks */,
			);
			runOnlyForDeploymentPostprocessing = 0;
		};
/* End PBXFrameworksBuildPhase section */

/* Begin PBXGroup section */
		F8D0AD9E182F7E7F00EA30C8 = {
			isa = PBXGroup;
			children = (
				F8D0ADB2182F7E7F00EA30C8 /* z */,
				F8D0ADD8182F7E7F00EA30C8 /* zTests */,
				F8D0ADA9182F7E7F00EA30C8 /* Frameworks */,
				F8D0ADA8182F7E7F00EA30C8 /* Products */,
			);
			sourceTree = "<group>";
		};
		F8D0ADA8182F7E7F00EA30C8 /* Products */ = {
			isa = PBXGroup;
			children = (
				F8D0ADA7182F7E7F00EA30C8 /* z.app */,
				F8D0ADD0182F7E7F00EA30C8 /* zTests.xctest */,
			);
			name = Products;
			sourceTree = "<group>";
		};
		F8D0ADA9182F7E7F00EA30C8 /* Frameworks */ = {
			isa = PBXGroup;
			children = (
				F8D0ADAA182F7E7F00EA30C8 /* Foundation.framework */,
				F8D0ADAC182F7E7F00EA30C8 /* CoreGraphics.framework */,
				F8D0ADAE182F7E7F00EA30C8 /* UIKit.framework */,
				F8D0ADB0182F7E7F00EA30C8 /* CoreData.framework */,
				F8D0ADD1182F7E7F00EA30C8 /* XCTest.framework */,
			);
			name = Frameworks;
			sourceTree = "<group>";
		};
		F8D0ADB2182F7E7F00EA30C8 /* z */ = {
			isa = PBXGroup;
			children = (
				F815DEBB182F8365006376DA /* TBCircularSlider.h */,
				F815DEBC182F8365006376DA /* TBCircularSlider.m */,
				F815DEBE182F8379006376DA /* Commons.h */,
				F8D0ADBB182F7E7F00EA30C8 /* AppDelegate.h */,
				F8D0ADBC182F7E7F00EA30C8 /* AppDelegate.m */,
				F8D0ADBE182F7E7F00EA30C8 /* Main.storyboard */,
				F8D0ADC4182F7E7F00EA30C8 /* MainViewController.h */,
				F8D0ADC5182F7E7F00EA30C8 /* MainViewController.m */,
				F8D0ADC7182F7E7F00EA30C8 /* FlipsideViewController.h */,
				F8D0ADC8182F7E7F00EA30C8 /* FlipsideViewController.m */,
				F8D0ADCA182F7E7F00EA30C8 /* Images.xcassets */,
				F8D0ADC1182F7E7F00EA30C8 /* z.xcdatamodeld */,
				F8D0ADB3182F7E7F00EA30C8 /* Supporting Files */,
			);
			path = z;
			sourceTree = "<group>";
		};
		F8D0ADB3182F7E7F00EA30C8 /* Supporting Files */ = {
			isa = PBXGroup;
			children = (
				F8D0ADB4182F7E7F00EA30C8 /* z-Info.plist */,
				F8D0ADB5182F7E7F00EA30C8 /* InfoPlist.strings */,
				F8D0ADB8182F7E7F00EA30C8 /* main.m */,
				F8D0ADBA182F7E7F00EA30C8 /* z-Prefix.pch */,
			);
			name = "Supporting Files";
			sourceTree = "<group>";
		};
		F8D0ADD8182F7E7F00EA30C8 /* zTests */ = {
			isa = PBXGroup;
			children = (
				F8D0ADDE182F7E7F00EA30C8 /* zTests.m */,
				F8D0ADD9182F7E7F00EA30C8 /* Supporting Files */,
			);
			path = zTests;
			sourceTree = "<group>";
		};
		F8D0ADD9182F7E7F00EA30C8 /* Supporting Files */ = {
			isa = PBXGroup;
			children = (
				F8D0ADDA182F7E7F00EA30C8 /* zTests-Info.plist */,
				F8D0ADDB182F7E7F00EA30C8 /* InfoPlist.strings */,
			);
			name = "Supporting Files";
			sourceTree = "<group>";
		};
/* End PBXGroup section */

/* Begin PBXNativeTarget section */
		F8D0ADA6182F7E7F00EA30C8 /* z */ = {
			isa = PBXNativeTarget;
			buildConfigurationList = F8D0ADE2182F7E7F00EA30C8 /* Build configuration list for PBXNativeTarget "z" */;
			buildPhases = (
				F8D0ADA3182F7E7F00EA30C8 /* Sources */,
				F8D0ADA4182F7E7F00EA30C8 /* Frameworks */,
				F8D0ADA5182F7E7F00EA30C8 /* Resources */,
			);
			buildRules = (
			);
			dependencies = (
			);
			name = z;
			productName = z;
			productReference = F8D0ADA7182F7E7F00EA30C8 /* z.app */;
			productType = "com.apple.product-type.application";
		};
		F8D0ADCF182F7E7F00EA30C8 /* zTests */ = {
			isa = PBXNativeTarget;
			buildConfigurationList = F8D0ADE5182F7E7F00EA30C8 /* Build configuration list for PBXNativeTarget "zTests" */;
			buildPhases = (
				F8D0ADCC182F7E7F00EA30C8 /* Sources */,
				F8D0ADCD182F7E7F00EA30C8 /* Frameworks */,
				F8D0ADCE182F7E7F00EA30C8 /* Resources */,
			);
			buildRules = (
			);
			dependencies = (
				F8D0ADD7182F7E7F00EA30C8 /* PBXTargetDependency */,
			);
			name = zTests;
			productName = zTests;
			productReference = F8D0ADD0182F7E7F00EA30C8 /* zTests.xctest */;
			productType = "com.apple.product-type.bundle.unit-test";
		};
/* End PBXNativeTarget section */

/* Begin PBXProject section */
		F8D0AD9F182F7E7F00EA30C8 /* Project object */ = {
			isa = PBXProject;
			attributes = {
				LastUpgradeCheck = 0500;
				ORGANIZATIONNAME = "Stefan Dimitrov";
				TargetAttributes = {
					F8D0ADCF182F7E7F00EA30C8 = {
						TestTargetID = F8D0ADA6182F7E7F00EA30C8;
					};
				};
			};
			buildConfigurationList = F8D0ADA2182F7E7F00EA30C8 /* Build configuration list for PBXProject "z" */;
			compatibilityVersion = "Xcode 3.2";
			developmentRegion = English;
			hasScannedForEncodings = 0;
			knownRegions = (
				en,
				Base,
			);
			mainGroup = F8D0AD9E182F7E7F00EA30C8;
			productRefGroup = F8D0ADA8182F7E7F00EA30C8 /* Products */;
			projectDirPath = "";
			projectRoot = "";
			targets = (
				F8D0ADA6182F7E7F00EA30C8 /* z */,
				F8D0ADCF182F7E7F00EA30C8 /* zTests */,
			);
		};
/* End PBXProject section */

/* Begin PBXResourcesBuildPhase section */
		F8D0ADA5182F7E7F00EA30C8 /* Resources */ = {
			isa = PBXResourcesBuildPhase;
			buildActionMask = 2147483647;
			files = (
				F8D0ADCB182F7E7F00EA30C8 /* Images.xcassets in Resources */,
				F8D0ADB7182F7E7F00EA30C8 /* InfoPlist.strings in Resources */,
				F8D0ADC0182F7E7F00EA30C8 /* Main.storyboard in Resources */,
			);
			runOnlyForDeploymentPostprocessing = 0;
		};
		F8D0ADCE182F7E7F00EA30C8 /* Resources */ = {
			isa = PBXResourcesBuildPhase;
			buildActionMask = 2147483647;
			files = (
				F8D0ADDD182F7E7F00EA30C8 /* InfoPlist.strings in Resources */,
			);
			runOnlyForDeploymentPostprocessing = 0;
		};
/* End PBXResourcesBuildPhase section */

/* Begin PBXSourcesBuildPhase section */
		F8D0ADA3182F7E7F00EA30C8 /* Sources */ = {
			isa = PBXSourcesBuildPhase;
			buildActionMask = 2147483647;
			files = (
				F8D0ADBD182F7E7F00EA30C8 /* AppDelegate.m in Sources */,
				F8D0ADC3182F7E7F00EA30C8 /* z.xcdatamodeld in Sources */,
				F8D0ADB9182F7E7F00EA30C8 /* main.m in Sources */,
				F8D0ADC9182F7E7F00EA30C8 /* FlipsideViewController.m in Sources */,
				F8D0ADC6182F7E7F00EA30C8 /* MainViewController.m in Sources */,
				F815DEBD182F8365006376DA /* TBCircularSlider.m in Sources */,
			);
			runOnlyForDeploymentPostprocessing = 0;
		};
		F8D0ADCC182F7E7F00EA30C8 /* Sources */ = {
			isa = PBXSourcesBuildPhase;
			buildActionMask = 2147483647;
			files = (
				F8D0ADDF182F7E7F00EA30C8 /* zTests.m in Sources */,
			);
			runOnlyForDeploymentPostprocessing = 0;
		};
/* End PBXSourcesBuildPhase section */

/* Begin PBXTargetDependency section */
		F8D0ADD7182F7E7F00EA30C8 /* PBXTargetDependency */ = {
			isa = PBXTargetDependency;
			target = F8D0ADA6182F7E7F00EA30C8 /* z */;
			targetProxy = F8D0ADD6182F7E7F00EA30C8 /* PBXContainerItemProxy */;
		};
/* End PBXTargetDependency section */

/* Begin PBXVariantGroup section */
		F8D0ADB5182F7E7F00EA30C8 /* InfoPlist.strings */ = {
			isa = PBXVariantGroup;
			children = (
				F8D0ADB6182F7E7F00EA30C8 /* en */,
			);
			name = InfoPlist.strings;
			sourceTree = "<group>";
		};
		F8D0ADBE182F7E7F00EA30C8 /* Main.storyboard */ = {
			isa = PBXVariantGroup;
			children = (
				F8D0ADBF182F7E7F00EA30C8 /* Base */,
			);
			name = Main.storyboard;
			sourceTree = "<group>";
		};
		F8D0ADDB182F7E7F00EA30C8 /* InfoPlist.strings */ = {
			isa = PBXVariantGroup;
			children = (
				F8D0ADDC182F7E7F00EA30C8 /* en */,
			);
			name = InfoPlist.strings;
			sourceTree = "<group>";
		};
/* End PBXVariantGroup section */

/* Begin XCBuildConfiguration section */
		F8D0ADE0182F7E7F00EA30C8 /* Debug */ = {
			isa = XCBuildConfiguration;
			buildSettings = {
				ALWAYS_SEARCH_USER_PATHS = NO;
				ARCHS = "$(ARCHS_STANDARD_INCLUDING_64_BIT)";
				CLANG_CXX_LANGUAGE_STANDARD = "gnu++0x";
				CLANG_CXX_LIBRARY = "libc++";
				CLANG_ENABLE_MODULES = YES;
				CLANG_ENABLE_OBJC_ARC = YES;
				CLANG_WARN_BOOL_CONVERSION = YES;
				CLANG_WARN_CONSTANT_CONVERSION = YES;
				CLANG_WARN_DIRECT_OBJC_ISA_USAGE = YES_ERROR;
				CLANG_WARN_EMPTY_BODY = YES;
				CLANG_WARN_ENUM_CONVERSION = YES;
				CLANG_WARN_INT_CONVERSION = YES;
				CLANG_WARN_OBJC_ROOT_CLASS = YES_ERROR;
				CLANG_WARN__DUPLICATE_METHOD_MATCH = YES;
				"CODE_SIGN_IDENTITY[sdk=iphoneos*]" = "iPhone Developer";
				COPY_PHASE_STRIP = NO;
				GCC_C_LANGUAGE_STANDARD = gnu99;
				GCC_DYNAMIC_NO_PIC = NO;
				GCC_OPTIMIZATION_LEVEL = 0;
				GCC_PREPROCESSOR_DEFINITIONS = (
					"DEBUG=1",
					"$(inherited)",
				);
				GCC_SYMBOLS_PRIVATE_EXTERN = NO;
				GCC_WARN_64_TO_32_BIT_CONVERSION = YES;
				GCC_WARN_ABOUT_RETURN_TYPE = YES_ERROR;
				GCC_WARN_UNDECLARED_SELECTOR = YES;
				GCC_WARN_UNINITIALIZED_AUTOS = YES;
				GCC_WARN_UNUSED_FUNCTION = YES;
				GCC_WARN_UNUSED_VARIABLE = YES;
				IPHONEOS_DEPLOYMENT_TARGET = 7.0;
				ONLY_ACTIVE_ARCH = YES;
				SDKROOT = iphoneos;
			};
			name = Debug;
		};
		F8D0ADE1182F7E7F00EA30C8 /* Release */ = {
			isa = XCBuildConfiguration;
			buildSettings = {
				ALWAYS_SEARCH_USER_PATHS = NO;
				ARCHS = "$(ARCHS_STANDARD_INCLUDING_64_BIT)";
				CLANG_CXX_LANGUAGE_STANDARD = "gnu++0x";
				CLANG_CXX_LIBRARY = "libc++";
				CLANG_ENABLE_MODULES = YES;
				CLANG_ENABLE_OBJC_ARC = YES;
				CLANG_WARN_BOOL_CONVERSION = YES;
				CLANG_WARN_CONSTANT_CONVERSION = YES;
				CLANG_WARN_DIRECT_OBJC_ISA_USAGE = YES_ERROR;
				CLANG_WARN_EMPTY_BODY = YES;
				CLANG_WARN_ENUM_CONVERSION = YES;
				CLANG_WARN_INT_CONVERSION = YES;
				CLANG_WARN_OBJC_ROOT_CLASS = YES_ERROR;
				CLANG_WARN__DUPLICATE_METHOD_MATCH = YES;
				"CODE_SIGN_IDENTITY[sdk=iphoneos*]" = "iPhone Developer";
				COPY_PHASE_STRIP = YES;
				ENABLE_NS_ASSERTIONS = NO;
				GCC_C_LANGUAGE_STANDARD = gnu99;
				GCC_WARN_64_TO_32_BIT_CONVERSION = YES;
				GCC_WARN_ABOUT_RETURN_TYPE = YES_ERROR;
				GCC_WARN_UNDECLARED_SELECTOR = YES;
				GCC_WARN_UNINITIALIZED_AUTOS = YES;
				GCC_WARN_UNUSED_FUNCTION = YES;
				GCC_WARN_UNUSED_VARIABLE = YES;
				IPHONEOS_DEPLOYMENT_TARGET = 7.0;
				SDKROOT = iphoneos;
				VALIDATE_PRODUCT = YES;
			};
			name = Release;
		};
		F8D0ADE3182F7E7F00EA30C8 /* Debug */ = {
			isa = XCBuildConfiguration;
			buildSettings = {
				ASSETCATALOG_COMPILER_APPICON_NAME = AppIcon;
				ASSETCATALOG_COMPILER_LAUNCHIMAGE_NAME = LaunchImage;
				GCC_PRECOMPILE_PREFIX_HEADER = YES;
				GCC_PREFIX_HEADER = "z/z-Prefix.pch";
				INFOPLIST_FILE = "z/z-Info.plist";
				PRODUCT_NAME = "$(TARGET_NAME)";
				WRAPPER_EXTENSION = app;
			};
			name = Debug;
		};
		F8D0ADE4182F7E7F00EA30C8 /* Release */ = {
			isa = XCBuildConfiguration;
			buildSettings = {
				ASSETCATALOG_COMPILER_APPICON_NAME = AppIcon;
				ASSETCATALOG_COMPILER_LAUNCHIMAGE_NAME = LaunchImage;
				GCC_PRECOMPILE_PREFIX_HEADER = YES;
				GCC_PREFIX_HEADER = "z/z-Prefix.pch";
				INFOPLIST_FILE = "z/z-Info.plist";
				PRODUCT_NAME = "$(TARGET_NAME)";
				WRAPPER_EXTENSION = app;
			};
			name = Release;
		};
		F8D0ADE6182F7E7F00EA30C8 /* Debug */ = {
			isa = XCBuildConfiguration;
			buildSettings = {
				ARCHS = "$(ARCHS_STANDARD_INCLUDING_64_BIT)";
				BUNDLE_LOADER = "$(BUILT_PRODUCTS_DIR)/z.app/z";
				FRAMEWORK_SEARCH_PATHS = (
					"$(SDKROOT)/Developer/Library/Frameworks",
					"$(inherited)",
					"$(DEVELOPER_FRAMEWORKS_DIR)",
				);
				GCC_PRECOMPILE_PREFIX_HEADER = YES;
				GCC_PREFIX_HEADER = "z/z-Prefix.pch";
				GCC_PREPROCESSOR_DEFINITIONS = (
					"DEBUG=1",
					"$(inherited)",
				);
				INFOPLIST_FILE = "zTests/zTests-Info.plist";
				PRODUCT_NAME = "$(TARGET_NAME)";
				TEST_HOST = "$(BUNDLE_LOADER)";
				WRAPPER_EXTENSION = xctest;
			};
			name = Debug;
		};
		F8D0ADE7182F7E7F00EA30C8 /* Release */ = {
			isa = XCBuildConfiguration;
			buildSettings = {
				ARCHS = "$(ARCHS_STANDARD_INCLUDING_64_BIT)";
				BUNDLE_LOADER = "$(BUILT_PRODUCTS_DIR)/z.app/z";
				FRAMEWORK_SEARCH_PATHS = (
					"$(SDKROOT)/Developer/Library/Frameworks",
					"$(inherited)",
					"$(DEVELOPER_FRAMEWORKS_DIR)",
				);
				GCC_PRECOMPILE_PREFIX_HEADER = YES;
				GCC_PREFIX_HEADER = "z/z-Prefix.pch";
				INFOPLIST_FILE = "zTests/zTests-Info.plist";
				PRODUCT_NAME = "$(TARGET_NAME)";
				TEST_HOST = "$(BUNDLE_LOADER)";
				WRAPPER_EXTENSION = xctest;
			};
			name = Release;
		};
/* End XCBuildConfiguration section */

/* Begin XCConfigurationList section */
		F8D0ADA2182F7E7F00EA30C8 /* Build configuration list for PBXProject "z" */ = {
			isa = XCConfigurationList;
			buildConfigurations = (
				F8D0ADE0182F7E7F00EA30C8 /* Debug */,
				F8D0ADE1182F7E7F00EA30C8 /* Release */,
			);
			defaultConfigurationIsVisible = 0;
			defaultConfigurationName = Release;
		};
		F8D0ADE2182F7E7F00EA30C8 /* Build configuration list for PBXNativeTarget "z" */ = {
			isa = XCConfigurationList;
			buildConfigurations = (
				F8D0ADE3182F7E7F00EA30C8 /* Debug */,
				F8D0ADE4182F7E7F00EA30C8 /* Release */,
			);
			defaultConfigurationIsVisible = 0;
			defaultConfigurationName = Release;
		};
		F8D0ADE5182F7E7F00EA30C8 /* Build configuration list for PBXNativeTarget "zTests" */ = {
			isa = XCConfigurationList;
			buildConfigurations = (
				F8D0ADE6182F7E7F00EA30C8 /* Debug */,
				F8D0ADE7182F7E7F00EA30C8 /* Release */,
			);
			defaultConfigurationIsVisible = 0;
			defaultConfigurationName = Release;
		};
/* End XCConfigurationList section */

/* Begin XCVersionGroup section */
		F8D0ADC1182F7E7F00EA30C8 /* z.xcdatamodeld */ = {
			isa = XCVersionGroup;
			children = (
				F8D0ADC2182F7E7F00EA30C8 /* z.xcdatamodel */,
			);
			currentVersion = F8D0ADC2182F7E7F00EA30C8 /* z.xcdatamodel */;
			path = z.xcdatamodeld;
			sourceTree = "<group>";
			versionGroupType = wrapper.xcdatamodel;
		};
/* End XCVersionGroup section */
	};
	rootObject = F8D0AD9F182F7E7F00EA30C8 /* Project object */;
}
